
Microsoft Visual Studio Solution File, Format Version 12.00
# Visual Studio Version 17
VisualStudioVersion = 17.0.31903.59
MinimumVisualStudioVersion = 10.0.40219.1
Project("{2150E333-8FDC-42A3-9474-1A3956D46DE8}") = "src", "src", "{827E0CD3-B72D-47B6-A68D-7590B98EB39B}"
EndProject
Project("{2150E333-8FDC-42A3-9474-1A3956D46DE8}") = "CommandService", "CommandService", "{1F8A2C1C-C507-4537-8F0E-DE1A1231A02E}"
EndProject
Project("{FAE04EC0-301F-11D3-BF4B-00C04F79EFBC}") = "CommandService.Api", "src\CommandService\CommandService.Api\CommandService.Api.csproj", "{55131FB1-93BA-470E-ADF7-5E1ECAA9BFA7}"
EndProject
Project("{2150E333-8FDC-42A3-9474-1A3956D46DE8}") = "PlatformService", "PlatformService", "{23D7A20F-545F-A7E5-F33D-A23414C916B5}"
EndProject
Project("{FAE04EC0-301F-11D3-BF4B-00C04F79EFBC}") = "PlatformService.Api", "src\PlatformService\PlatformService.Api\PlatformService.Api.csproj", "{D1B76251-3FDF-4557-A2C4-0515A4628851}"
EndProject
Project("{FAE04EC0-301F-11D3-BF4B-00C04F79EFBC}") = "CommandService.Application", "src\CommandService\CommandService.Application\CommandService.Application.csproj", "{4AAC9D17-A164-FFC4-55BA-A18647465EBF}"
EndProject
Project("{FAE04EC0-301F-11D3-BF4B-00C04F79EFBC}") = "CommandService.Domain", "src\CommandService\CommandService.Domain\CommandService.Domain.csproj", "{4CFFC7E7-EC31-78A1-85D6-7EBDD0068C46}"
EndProject
Project("{FAE04EC0-301F-11D3-BF4B-00C04F79EFBC}") = "CommandService.Infrastructure", "src\CommandService\CommandService.Infrastructure\CommandService.Infrastructure.csproj", "{A2B27581-675E-27B6-22A5-EBC177BC006D}"
EndProject
Project("{FAE04EC0-301F-11D3-BF4B-00C04F79EFBC}") = "CommandService.IntegrationTests", "src\CommandService\tests\CommandService.IntegrationTests\CommandService.IntegrationTests.csproj", "{FF601AFF-EE33-FAF4-3FAA-78FDF2CB4A15}"
EndProject
Project("{FAE04EC0-301F-11D3-BF4B-00C04F79EFBC}") = "CommandService.UnitTests", "src\CommandService\tests\CommandService.UnitTests\CommandService.UnitTests.csproj", "{591FD1E2-EE5A-87E1-B29A-534596E4A85D}"
EndProject
Project("{FAE04EC0-301F-11D3-BF4B-00C04F79EFBC}") = "PlatformService.Application", "src\PlatformService\PlatformService.Application\PlatformService.Application.csproj", "{979C7BF7-5D35-B68C-E1D1-0D9D7637D860}"
EndProject
Project("{FAE04EC0-301F-11D3-BF4B-00C04F79EFBC}") = "PlatformService.Domain", "src\PlatformService\PlatformService.Domain\PlatformService.Domain.csproj", "{80E6F8B1-0A62-C5D3-B2F1-4D63D3CCC151}"
EndProject
Project("{FAE04EC0-301F-11D3-BF4B-00C04F79EFBC}") = "PlatformService.Infrastructure", "src\PlatformService\PlatformService.Infrastructure\PlatformService.Infrastructure.csproj", "{BCB1B81D-36E7-7A08-90C8-3C9DA1F9616B}"
EndProject
Project("{FAE04EC0-301F-11D3-BF4B-00C04F79EFBC}") = "PlatformService.IntegrationTests", "src\PlatformService\tests\PlatformService.IntegrationTests\PlatformService.IntegrationTests.csproj", "{2B525DB0-117A-2DB6-8D83-CD9680D5BE02}"
EndProject
Project("{FAE04EC0-301F-11D3-BF4B-00C04F79EFBC}") = "PlatformService.UnitTests", "src\PlatformService\tests\PlatformService.UnitTests\PlatformService.UnitTests.csproj", "{AAE218F8-9170-D72E-133F-02E308FAE6E6}"
EndProject
Project("{2150E333-8FDC-42A3-9474-1A3956D46DE8}") = "deploy", "deploy", "{02EA681E-C7D8-13C7-8484-4AC65E1B71E8}"
EndProject
Project("{2150E333-8FDC-42A3-9474-1A3956D46DE8}") = "K8S", "K8S", "{7F448905-3749-4C1B-84E4-73FB002CD4BF}"
	ProjectSection(SolutionItems) = preProject
		deploy\K8S\commands-depl.yaml = deploy\K8S\commands-depl.yaml
		deploy\K8S\ingress-srv.yaml = deploy\K8S\ingress-srv.yaml
		deploy\K8S\local-pvc.yaml = deploy\K8S\local-pvc.yaml
		deploy\K8S\mssql-plat-depl.yaml = deploy\K8S\mssql-plat-depl.yaml
		deploy\K8S\platforms-depl.yaml = deploy\K8S\platforms-depl.yaml
		deploy\K8S\platforms-np-srv.yaml = deploy\K8S\platforms-np-srv.yaml
		deploy\K8S\README.md = deploy\K8S\README.md
	EndProjectSection
EndProject
Project("{2150E333-8FDC-42A3-9474-1A3956D46DE8}") = "Solution Items", "Solution Items", "{8EC462FD-D22E-90A8-E5CE-7E832BA40C5D}"
	ProjectSection(SolutionItems) = preProject
		.gitattributes = .gitattributes
		.gitignore = .gitignore
		global.json = global.json
		LICENSE.txt = LICENSE.txt
		README.md = README.md
	EndProjectSection
EndProject
Global
	GlobalSection(SolutionConfigurationPlatforms) = preSolution
		Debug|Any CPU = Debug|Any CPU
		Debug|x64 = Debug|x64
		Debug|x86 = Debug|x86
		Release|Any CPU = Release|Any CPU
		Release|x64 = Release|x64
		Release|x86 = Release|x86
	EndGlobalSection
	GlobalSection(ProjectConfigurationPlatforms) = postSolution
		{55131FB1-93BA-470E-ADF7-5E1ECAA9BFA7}.Debug|Any CPU.ActiveCfg = Debug|Any CPU
		{55131FB1-93BA-470E-ADF7-5E1ECAA9BFA7}.Debug|Any CPU.Build.0 = Debug|Any CPU
		{55131FB1-93BA-470E-ADF7-5E1ECAA9BFA7}.Debug|x64.ActiveCfg = Debug|Any CPU
		{55131FB1-93BA-470E-ADF7-5E1ECAA9BFA7}.Debug|x64.Build.0 = Debug|Any CPU
		{55131FB1-93BA-470E-ADF7-5E1ECAA9BFA7}.Debug|x86.ActiveCfg = Debug|Any CPU
		{55131FB1-93BA-470E-ADF7-5E1ECAA9BFA7}.Debug|x86.Build.0 = Debug|Any CPU
		{55131FB1-93BA-470E-ADF7-5E1ECAA9BFA7}.Release|Any CPU.ActiveCfg = Release|Any CPU
		{55131FB1-93BA-470E-ADF7-5E1ECAA9BFA7}.Release|Any CPU.Build.0 = Release|Any CPU
		{55131FB1-93BA-470E-ADF7-5E1ECAA9BFA7}.Release|x64.ActiveCfg = Release|Any CPU
		{55131FB1-93BA-470E-ADF7-5E1ECAA9BFA7}.Release|x64.Build.0 = Release|Any CPU
		{55131FB1-93BA-470E-ADF7-5E1ECAA9BFA7}.Release|x86.ActiveCfg = Release|Any CPU
		{55131FB1-93BA-470E-ADF7-5E1ECAA9BFA7}.Release|x86.Build.0 = Release|Any CPU
		{D1B76251-3FDF-4557-A2C4-0515A4628851}.Debug|Any CPU.ActiveCfg = Debug|Any CPU
		{D1B76251-3FDF-4557-A2C4-0515A4628851}.Debug|Any CPU.Build.0 = Debug|Any CPU
		{D1B76251-3FDF-4557-A2C4-0515A4628851}.Debug|x64.ActiveCfg = Debug|Any CPU
		{D1B76251-3FDF-4557-A2C4-0515A4628851}.Debug|x64.Build.0 = Debug|Any CPU
		{D1B76251-3FDF-4557-A2C4-0515A4628851}.Debug|x86.ActiveCfg = Debug|Any CPU
		{D1B76251-3FDF-4557-A2C4-0515A4628851}.Debug|x86.Build.0 = Debug|Any CPU
		{D1B76251-3FDF-4557-A2C4-0515A4628851}.Release|Any CPU.ActiveCfg = Release|Any CPU
		{D1B76251-3FDF-4557-A2C4-0515A4628851}.Release|Any CPU.Build.0 = Release|Any CPU
		{D1B76251-3FDF-4557-A2C4-0515A4628851}.Release|x64.ActiveCfg = Release|Any CPU
		{D1B76251-3FDF-4557-A2C4-0515A4628851}.Release|x64.Build.0 = Release|Any CPU
		{D1B76251-3FDF-4557-A2C4-0515A4628851}.Release|x86.ActiveCfg = Release|Any CPU
		{D1B76251-3FDF-4557-A2C4-0515A4628851}.Release|x86.Build.0 = Release|Any CPU
		{4AAC9D17-A164-FFC4-55BA-A18647465EBF}.Debug|Any CPU.ActiveCfg = Debug|Any CPU
		{4AAC9D17-A164-FFC4-55BA-A18647465EBF}.Debug|Any CPU.Build.0 = Debug|Any CPU
		{4AAC9D17-A164-FFC4-55BA-A18647465EBF}.Debug|x64.ActiveCfg = Debug|Any CPU
		{4AAC9D17-A164-FFC4-55BA-A18647465EBF}.Debug|x64.Build.0 = Debug|Any CPU
		{4AAC9D17-A164-FFC4-55BA-A18647465EBF}.Debug|x86.ActiveCfg = Debug|Any CPU
		{4AAC9D17-A164-FFC4-55BA-A18647465EBF}.Debug|x86.Build.0 = Debug|Any CPU
		{4AAC9D17-A164-FFC4-55BA-A18647465EBF}.Release|Any CPU.ActiveCfg = Release|Any CPU
		{4AAC9D17-A164-FFC4-55BA-A18647465EBF}.Release|Any CPU.Build.0 = Release|Any CPU
		{4AAC9D17-A164-FFC4-55BA-A18647465EBF}.Release|x64.ActiveCfg = Release|Any CPU
		{4AAC9D17-A164-FFC4-55BA-A18647465EBF}.Release|x64.Build.0 = Release|Any CPU
		{4AAC9D17-A164-FFC4-55BA-A18647465EBF}.Release|x86.ActiveCfg = Release|Any CPU
		{4AAC9D17-A164-FFC4-55BA-A18647465EBF}.Release|x86.Build.0 = Release|Any CPU
		{4CFFC7E7-EC31-78A1-85D6-7EBDD0068C46}.Debug|Any CPU.ActiveCfg = Debug|Any CPU
		{4CFFC7E7-EC31-78A1-85D6-7EBDD0068C46}.Debug|Any CPU.Build.0 = Debug|Any CPU
		{4CFFC7E7-EC31-78A1-85D6-7EBDD0068C46}.Debug|x64.ActiveCfg = Debug|Any CPU
		{4CFFC7E7-EC31-78A1-85D6-7EBDD0068C46}.Debug|x64.Build.0 = Debug|Any CPU
		{4CFFC7E7-EC31-78A1-85D6-7EBDD0068C46}.Debug|x86.ActiveCfg = Debug|Any CPU
		{4CFFC7E7-EC31-78A1-85D6-7EBDD0068C46}.Debug|x86.Build.0 = Debug|Any CPU
		{4CFFC7E7-EC31-78A1-85D6-7EBDD0068C46}.Release|Any CPU.ActiveCfg = Release|Any CPU
		{4CFFC7E7-EC31-78A1-85D6-7EBDD0068C46}.Release|Any CPU.Build.0 = Release|Any CPU
		{4CFFC7E7-EC31-78A1-85D6-7EBDD0068C46}.Release|x64.ActiveCfg = Release|Any CPU
		{4CFFC7E7-EC31-78A1-85D6-7EBDD0068C46}.Release|x64.Build.0 = Release|Any CPU
		{4CFFC7E7-EC31-78A1-85D6-7EBDD0068C46}.Release|x86.ActiveCfg = Release|Any CPU
		{4CFFC7E7-EC31-78A1-85D6-7EBDD0068C46}.Release|x86.Build.0 = Release|Any CPU
		{A2B27581-675E-27B6-22A5-EBC177BC006D}.Debug|Any CPU.ActiveCfg = Debug|Any CPU
		{A2B27581-675E-27B6-22A5-EBC177BC006D}.Debug|Any CPU.Build.0 = Debug|Any CPU
		{A2B27581-675E-27B6-22A5-EBC177BC006D}.Debug|x64.ActiveCfg = Debug|Any CPU
		{A2B27581-675E-27B6-22A5-EBC177BC006D}.Debug|x64.Build.0 = Debug|Any CPU
		{A2B27581-675E-27B6-22A5-EBC177BC006D}.Debug|x86.ActiveCfg = Debug|Any CPU
		{A2B27581-675E-27B6-22A5-EBC177BC006D}.Debug|x86.Build.0 = Debug|Any CPU
		{A2B27581-675E-27B6-22A5-EBC177BC006D}.Release|Any CPU.ActiveCfg = Release|Any CPU
		{A2B27581-675E-27B6-22A5-EBC177BC006D}.Release|Any CPU.Build.0 = Release|Any CPU
		{A2B27581-675E-27B6-22A5-EBC177BC006D}.Release|x64.ActiveCfg = Release|Any CPU
		{A2B27581-675E-27B6-22A5-EBC177BC006D}.Release|x64.Build.0 = Release|Any CPU
		{A2B27581-675E-27B6-22A5-EBC177BC006D}.Release|x86.ActiveCfg = Release|Any CPU
		{A2B27581-675E-27B6-22A5-EBC177BC006D}.Release|x86.Build.0 = Release|Any CPU
		{FF601AFF-EE33-FAF4-3FAA-78FDF2CB4A15}.Debug|Any CPU.ActiveCfg = Debug|Any CPU
		{FF601AFF-EE33-FAF4-3FAA-78FDF2CB4A15}.Debug|Any CPU.Build.0 = Debug|Any CPU
		{FF601AFF-EE33-FAF4-3FAA-78FDF2CB4A15}.Debug|x64.ActiveCfg = Debug|Any CPU
		{FF601AFF-EE33-FAF4-3FAA-78FDF2CB4A15}.Debug|x64.Build.0 = Debug|Any CPU
		{FF601AFF-EE33-FAF4-3FAA-78FDF2CB4A15}.Debug|x86.ActiveCfg = Debug|Any CPU
		{FF601AFF-EE33-FAF4-3FAA-78FDF2CB4A15}.Debug|x86.Build.0 = Debug|Any CPU
		{FF601AFF-EE33-FAF4-3FAA-78FDF2CB4A15}.Release|Any CPU.ActiveCfg = Release|Any CPU
		{FF601AFF-EE33-FAF4-3FAA-78FDF2CB4A15}.Release|Any CPU.Build.0 = Release|Any CPU
		{FF601AFF-EE33-FAF4-3FAA-78FDF2CB4A15}.Release|x64.ActiveCfg = Release|Any CPU
		{FF601AFF-EE33-FAF4-3FAA-78FDF2CB4A15}.Release|x64.Build.0 = Release|Any CPU
		{FF601AFF-EE33-FAF4-3FAA-78FDF2CB4A15}.Release|x86.ActiveCfg = Release|Any CPU
		{FF601AFF-EE33-FAF4-3FAA-78FDF2CB4A15}.Release|x86.Build.0 = Release|Any CPU
		{591FD1E2-EE5A-87E1-B29A-534596E4A85D}.Debug|Any CPU.ActiveCfg = Debug|Any CPU
		{591FD1E2-EE5A-87E1-B29A-534596E4A85D}.Debug|Any CPU.Build.0 = Debug|Any CPU
		{591FD1E2-EE5A-87E1-B29A-534596E4A85D}.Debug|x64.ActiveCfg = Debug|Any CPU
		{591FD1E2-EE5A-87E1-B29A-534596E4A85D}.Debug|x64.Build.0 = Debug|Any CPU
		{591FD1E2-EE5A-87E1-B29A-534596E4A85D}.Debug|x86.ActiveCfg = Debug|Any CPU
		{591FD1E2-EE5A-87E1-B29A-534596E4A85D}.Debug|x86.Build.0 = Debug|Any CPU
		{591FD1E2-EE5A-87E1-B29A-534596E4A85D}.Release|Any CPU.ActiveCfg = Release|Any CPU
		{591FD1E2-EE5A-87E1-B29A-534596E4A85D}.Release|Any CPU.Build.0 = Release|Any CPU
		{591FD1E2-EE5A-87E1-B29A-534596E4A85D}.Release|x64.ActiveCfg = Release|Any CPU
		{591FD1E2-EE5A-87E1-B29A-534596E4A85D}.Release|x64.Build.0 = Release|Any CPU
		{591FD1E2-EE5A-87E1-B29A-534596E4A85D}.Release|x86.ActiveCfg = Release|Any CPU
		{591FD1E2-EE5A-87E1-B29A-534596E4A85D}.Release|x86.Build.0 = Release|Any CPU
		{979C7BF7-5D35-B68C-E1D1-0D9D7637D860}.Debug|Any CPU.ActiveCfg = Debug|Any CPU
		{979C7BF7-5D35-B68C-E1D1-0D9D7637D860}.Debug|Any CPU.Build.0 = Debug|Any CPU
		{979C7BF7-5D35-B68C-E1D1-0D9D7637D860}.Debug|x64.ActiveCfg = Debug|Any CPU
		{979C7BF7-5D35-B68C-E1D1-0D9D7637D860}.Debug|x64.Build.0 = Debug|Any CPU
		{979C7BF7-5D35-B68C-E1D1-0D9D7637D860}.Debug|x86.ActiveCfg = Debug|Any CPU
		{979C7BF7-5D35-B68C-E1D1-0D9D7637D860}.Debug|x86.Build.0 = Debug|Any CPU
		{979C7BF7-5D35-B68C-E1D1-0D9D7637D860}.Release|Any CPU.ActiveCfg = Release|Any CPU
		{979C7BF7-5D35-B68C-E1D1-0D9D7637D860}.Release|Any CPU.Build.0 = Release|Any CPU
		{979C7BF7-5D35-B68C-E1D1-0D9D7637D860}.Release|x64.ActiveCfg = Release|Any CPU
		{979C7BF7-5D35-B68C-E1D1-0D9D7637D860}.Release|x64.Build.0 = Release|Any CPU
		{979C7BF7-5D35-B68C-E1D1-0D9D7637D860}.Release|x86.ActiveCfg = Release|Any CPU
		{979C7BF7-5D35-B68C-E1D1-0D9D7637D860}.Release|x86.Build.0 = Release|Any CPU
		{80E6F8B1-0A62-C5D3-B2F1-4D63D3CCC151}.Debug|Any CPU.ActiveCfg = Debug|Any CPU
		{80E6F8B1-0A62-C5D3-B2F1-4D63D3CCC151}.Debug|Any CPU.Build.0 = Debug|Any CPU
		{80E6F8B1-0A62-C5D3-B2F1-4D63D3CCC151}.Debug|x64.ActiveCfg = Debug|Any CPU
		{80E6F8B1-0A62-C5D3-B2F1-4D63D3CCC151}.Debug|x64.Build.0 = Debug|Any CPU
		{80E6F8B1-0A62-C5D3-B2F1-4D63D3CCC151}.Debug|x86.ActiveCfg = Debug|Any CPU
		{80E6F8B1-0A62-C5D3-B2F1-4D63D3CCC151}.Debug|x86.Build.0 = Debug|Any CPU
		{80E6F8B1-0A62-C5D3-B2F1-4D63D3CCC151}.Release|Any CPU.ActiveCfg = Release|Any CPU
		{80E6F8B1-0A62-C5D3-B2F1-4D63D3CCC151}.Release|Any CPU.Build.0 = Release|Any CPU
		{80E6F8B1-0A62-C5D3-B2F1-4D63D3CCC151}.Release|x64.ActiveCfg = Release|Any CPU
		{80E6F8B1-0A62-C5D3-B2F1-4D63D3CCC151}.Release|x64.Build.0 = Release|Any CPU
		{80E6F8B1-0A62-C5D3-B2F1-4D63D3CCC151}.Release|x86.ActiveCfg = Release|Any CPU
		{80E6F8B1-0A62-C5D3-B2F1-4D63D3CCC151}.Release|x86.Build.0 = Release|Any CPU
		{BCB1B81D-36E7-7A08-90C8-3C9DA1F9616B}.Debug|Any CPU.ActiveCfg = Debug|Any CPU
		{BCB1B81D-36E7-7A08-90C8-3C9DA1F9616B}.Debug|Any CPU.Build.0 = Debug|Any CPU
		{BCB1B81D-36E7-7A08-90C8-3C9DA1F9616B}.Debug|x64.ActiveCfg = Debug|Any CPU
		{BCB1B81D-36E7-7A08-90C8-3C9DA1F9616B}.Debug|x64.Build.0 = Debug|Any CPU
		{BCB1B81D-36E7-7A08-90C8-3C9DA1F9616B}.Debug|x86.ActiveCfg = Debug|Any CPU
		{BCB1B81D-36E7-7A08-90C8-3C9DA1F9616B}.Debug|x86.Build.0 = Debug|Any CPU
		{BCB1B81D-36E7-7A08-90C8-3C9DA1F9616B}.Release|Any CPU.ActiveCfg = Release|Any CPU
		{BCB1B81D-36E7-7A08-90C8-3C9DA1F9616B}.Release|Any CPU.Build.0 = Release|Any CPU
		{BCB1B81D-36E7-7A08-90C8-3C9DA1F9616B}.Release|x64.ActiveCfg = Release|Any CPU
		{BCB1B81D-36E7-7A08-90C8-3C9DA1F9616B}.Release|x64.Build.0 = Release|Any CPU
		{BCB1B81D-36E7-7A08-90C8-3C9DA1F9616B}.Release|x86.ActiveCfg = Release|Any CPU
		{BCB1B81D-36E7-7A08-90C8-3C9DA1F9616B}.Release|x86.Build.0 = Release|Any CPU
		{2B525DB0-117A-2DB6-8D83-CD9680D5BE02}.Debug|Any CPU.ActiveCfg = Debug|Any CPU
		{2B525DB0-117A-2DB6-8D83-CD9680D5BE02}.Debug|Any CPU.Build.0 = Debug|Any CPU
		{2B525DB0-117A-2DB6-8D83-CD9680D5BE02}.Debug|x64.ActiveCfg = Debug|Any CPU
		{2B525DB0-117A-2DB6-8D83-CD9680D5BE02}.Debug|x64.Build.0 = Debug|Any CPU
		{2B525DB0-117A-2DB6-8D83-CD9680D5BE02}.Debug|x86.ActiveCfg = Debug|Any CPU
		{2B525DB0-117A-2DB6-8D83-CD9680D5BE02}.Debug|x86.Build.0 = Debug|Any CPU
		{2B525DB0-117A-2DB6-8D83-CD9680D5BE02}.Release|Any CPU.ActiveCfg = Release|Any CPU
		{2B525DB0-117A-2DB6-8D83-CD9680D5BE02}.Release|Any CPU.Build.0 = Release|Any CPU
		{2B525DB0-117A-2DB6-8D83-CD9680D5BE02}.Release|x64.ActiveCfg = Release|Any CPU
		{2B525DB0-117A-2DB6-8D83-CD9680D5BE02}.Release|x64.Build.0 = Release|Any CPU
		{2B525DB0-117A-2DB6-8D83-CD9680D5BE02}.Release|x86.ActiveCfg = Release|Any CPU
		{2B525DB0-117A-2DB6-8D83-CD9680D5BE02}.Release|x86.Build.0 = Release|Any CPU
		{AAE218F8-9170-D72E-133F-02E308FAE6E6}.Debug|Any CPU.ActiveCfg = Debug|Any CPU
		{AAE218F8-9170-D72E-133F-02E308FAE6E6}.Debug|Any CPU.Build.0 = Debug|Any CPU
		{AAE218F8-9170-D72E-133F-02E308FAE6E6}.Debug|x64.ActiveCfg = Debug|Any CPU
		{AAE218F8-9170-D72E-133F-02E308FAE6E6}.Debug|x64.Build.0 = Debug|Any CPU
		{AAE218F8-9170-D72E-133F-02E308FAE6E6}.Debug|x86.ActiveCfg = Debug|Any CPU
		{AAE218F8-9170-D72E-133F-02E308FAE6E6}.Debug|x86.Build.0 = Debug|Any CPU
		{AAE218F8-9170-D72E-133F-02E308FAE6E6}.Release|Any CPU.ActiveCfg = Release|Any CPU
		{AAE218F8-9170-D72E-133F-02E308FAE6E6}.Release|Any CPU.Build.0 = Release|Any CPU
		{AAE218F8-9170-D72E-133F-02E308FAE6E6}.Release|x64.ActiveCfg = Release|Any CPU
		{AAE218F8-9170-D72E-133F-02E308FAE6E6}.Release|x64.Build.0 = Release|Any CPU
		{AAE218F8-9170-D72E-133F-02E308FAE6E6}.Release|x86.ActiveCfg = Release|Any CPU
		{AAE218F8-9170-D72E-133F-02E308FAE6E6}.Release|x86.Build.0 = Release|Any CPU
	EndGlobalSection
	GlobalSection(SolutionProperties) = preSolution
		HideSolutionNode = FALSE
	EndGlobalSection
	GlobalSection(NestedProjects) = preSolution
		{1F8A2C1C-C507-4537-8F0E-DE1A1231A02E} = {827E0CD3-B72D-47B6-A68D-7590B98EB39B}
		{55131FB1-93BA-470E-ADF7-5E1ECAA9BFA7} = {1F8A2C1C-C507-4537-8F0E-DE1A1231A02E}
		{23D7A20F-545F-A7E5-F33D-A23414C916B5} = {827E0CD3-B72D-47B6-A68D-7590B98EB39B}
		{D1B76251-3FDF-4557-A2C4-0515A4628851} = {23D7A20F-545F-A7E5-F33D-A23414C916B5}
		{4AAC9D17-A164-FFC4-55BA-A18647465EBF} = {1F8A2C1C-C507-4537-8F0E-DE1A1231A02E}
		{4CFFC7E7-EC31-78A1-85D6-7EBDD0068C46} = {1F8A2C1C-C507-4537-8F0E-DE1A1231A02E}
		{A2B27581-675E-27B6-22A5-EBC177BC006D} = {1F8A2C1C-C507-4537-8F0E-DE1A1231A02E}
		{FF601AFF-EE33-FAF4-3FAA-78FDF2CB4A15} = {1F8A2C1C-C507-4537-8F0E-DE1A1231A02E}
		{591FD1E2-EE5A-87E1-B29A-534596E4A85D} = {1F8A2C1C-C507-4537-8F0E-DE1A1231A02E}
		{979C7BF7-5D35-B68C-E1D1-0D9D7637D860} = {23D7A20F-545F-A7E5-F33D-A23414C916B5}
		{80E6F8B1-0A62-C5D3-B2F1-4D63D3CCC151} = {23D7A20F-545F-A7E5-F33D-A23414C916B5}
		{BCB1B81D-36E7-7A08-90C8-3C9DA1F9616B} = {23D7A20F-545F-A7E5-F33D-A23414C916B5}
		{2B525DB0-117A-2DB6-8D83-CD9680D5BE02} = {23D7A20F-545F-A7E5-F33D-A23414C916B5}
		{AAE218F8-9170-D72E-133F-02E308FAE6E6} = {23D7A20F-545F-A7E5-F33D-A23414C916B5}
		{7F448905-3749-4C1B-84E4-73FB002CD4BF} = {02EA681E-C7D8-13C7-8484-4AC65E1B71E8}
	EndGlobalSection
	GlobalSection(ExtensibilityGlobals) = postSolution
		SolutionGuid = {26DEF158-EFFF-4A0C-A67A-5151CFE5F24F}
	EndGlobalSection
EndGlobal
