Microsoft Visual Studio Solution File, Format Version 12.00
# Visual Studio Version 17
VisualStudioVersion = 17.0.31912.275
MinimumVisualStudioVersion = 10.0.40219.1
Project("{9A19103F-16F7-4668-BE54-9A1E7A4F7556}") = "CommandService.Api", "CommandService.Api\CommandService.Api.csproj", "{AAAAAAA1-AAAA-AAAA-AAAA-AAAAAAAAAAAA}"
EndProject
Project("{9A19103F-16F7-4668-BE54-9A1E7A4F7556}") = "CommandService.Application", "CommandService.Application\CommandService.Application.csproj", "{BBBBBBB2-BBBB-BBBB-BBBB-BBBBBBBBBBBB}"
EndProject
Project("{9A19103F-16F7-4668-BE54-9A1E7A4F7556}") = "CommandService.Domain", "CommandService.Domain\CommandService.Domain.csproj", "{CCCCCCC3-CCCC-CCCC-CCCC-CCCCCCCCCCCC}"
EndProject
Project("{9A19103F-16F7-4668-BE54-9A1E7A4F7556}") = "CommandService.Infrastructure", "CommandService.Infrastructure\CommandService.Infrastructure.csproj", "{DDDDDDD4-DDDD-DDDD-DDDD-DDDDDDDDDDDD}"
EndProject
Project("{9A19103F-16F7-4668-BE54-9A1E7A4F7556}") = "CommandService.UnitTests", "tests\CommandService.UnitTests\CommandService.UnitTests.csproj", "{EEEEEEE5-EEEE-EEEE-EEEE-EEEEEEEEEEEE}"
EndProject
Project("{9A19103F-16F7-4668-BE54-9A1E7A4F7556}") = "CommandService.IntegrationTests", "tests\CommandService.IntegrationTests\CommandService.IntegrationTests.csproj", "{FFFFFFF6-FFFF-FFFF-FFFF-FFFFFFFFFFFF}"
EndProject
Global
	GlobalSection(SolutionConfigurationPlatforms) = preSolution
		Debug|Any CPU = Debug|Any CPU
		Release|Any CPU = Release|Any CPU
	EndGlobalSection
	GlobalSection(ProjectConfigurationPlatforms) = postSolution
		{AAAAAAA1-AAAA-AAAA-AAAA-AAAAAAAAAAAA}.Debug|Any CPU.ActiveCfg = Debug|Any CPU
		{AAAAAAA1-AAAA-AAAA-AAAA-AAAAAAAAAAAA}.Debug|Any CPU.Build.0 = Debug|Any CPU
		{AAAAAAA1-AAAA-AAAA-AAAA-AAAAAAAAAAAA}.Release|Any CPU.ActiveCfg = Release|Any CPU
		{AAAAAAA1-AAAA-AAAA-AAAA-AAAAAAAAAAAA}.Release|Any CPU.Build.0 = Release|Any CPU
		{BBBBBBB2-BBBB-BBBB-BBBB-BBBBBBBBBBBB}.Debug|Any CPU.ActiveCfg = Debug|Any CPU
		{BBBBBBB2-BBBB-BBBB-BBBB-BBBBBBBBBBBB}.Debug|Any CPU.Build.0 = Debug|Any CPU
		{BBBBBBB2-BBBB-BBBB-BBBB-BBBBBBBBBBBB}.Release|Any CPU.ActiveCfg = Release|Any CPU
		{BBBBBBB2-BBBB-BBBB-BBBB-BBBBBBBBBBBB}.Release|Any CPU.Build.0 = Release|Any CPU
		{CCCCCCC3-CCCC-CCCC-CCCC-CCCCCCCCCCCC}.Debug|Any CPU.ActiveCfg = Debug|Any CPU
		{CCCCCCC3-CCCC-CCCC-CCCC-CCCCCCCCCCCC}.Debug|Any CPU.Build.0 = Debug|Any CPU
		{CCCCCCC3-CCCC-CCCC-CCCC-CCCCCCCCCCCC}.Release|Any CPU.ActiveCfg = Release|Any CPU
		{CCCCCCC3-CCCC-CCCC-CCCC-CCCCCCCCCCCC}.Release|Any CPU.Build.0 = Release|Any CPU
		{DDDDDDD4-DDDD-DDDD-DDDD-DDDDDDDDDDDD}.Debug|Any CPU.ActiveCfg = Debug|Any CPU
		{DDDDDDD4-DDDD-DDDD-DDDD-DDDDDDDDDDDD}.Debug|Any CPU.Build.0 = Debug|Any CPU
		{DDDDDDD4-DDDD-DDDD-DDDD-DDDDDDDDDDDD}.Release|Any CPU.ActiveCfg = Release|Any CPU
		{DDDDDDD4-DDDD-DDDD-DDDD-DDDDDDDDDDDD}.Release|Any CPU.Build.0 = Release|Any CPU
		{EEEEEEE5-EEEE-EEEE-EEEE-EEEEEEEEEEEE}.Debug|Any CPU.ActiveCfg = Debug|Any CPU
		{EEEEEEE5-EEEE-EEEE-EEEE-EEEEEEEEEEEE}.Debug|Any CPU.Build.0 = Debug|Any CPU
		{EEEEEEE5-EEEE-EEEE-EEEE-EEEEEEEEEEEE}.Release|Any CPU.ActiveCfg = Release|Any CPU
		{EEEEEEE5-EEEE-EEEE-EEEE-EEEEEEEEEEEE}.Release|Any CPU.Build.0 = Release|Any CPU
		{FFFFFFF6-FFFF-FFFF-FFFF-FFFFFFFFFFFF}.Debug|Any CPU.ActiveCfg = Debug|Any CPU
		{FFFFFFF6-FFFF-FFFF-FFFF-FFFFFFFFFFFF}.Debug|Any CPU.Build.0 = Debug|Any CPU
		{FFFFFFF6-FFFF-FFFF-FFFF-FFFFFFFFFFFF}.Release|Any CPU.ActiveCfg = Release|Any CPU
		{FFFFFFF6-FFFF-FFFF-FFFF-FFFFFFFFFFFF}.Release|Any CPU.Build.0 = Release|Any CPU
	EndGlobalSection
	GlobalSection(SolutionProperties) = preSolution
		HideSolutionNode = FALSE
	EndGlobalSection
EndGlobal
